
Microsoft Visual Studio Solution File, Format Version 12.00
# Visual Studio 15
VisualStudioVersion = 15.0.27004.2002
MinimumVisualStudioVersion = 10.0.40219.1
Project("{FAE04EC0-301F-11D3-BF4B-00C04F79EFBC}") = "NeoSmartBlog_Contract", "NeoSmartBlog_Contract\NeoSmartBlog_Contract.csproj", "{6F96C040-2F77-4B06-868F-969908DE88C8}"
EndProject
Project("{FAE04EC0-301F-11D3-BF4B-00C04F79EFBC}") = "NeoMicroBlog", "NeoMicroBlog\NeoMicroBlog.csproj", "{54E3F9A8-2B4C-44A1-BF3D-E8BC4F145330}"
EndProject
Global
	GlobalSection(SolutionConfigurationPlatforms) = preSolution
		Debug|Any CPU = Debug|Any CPU
		Release|Any CPU = Release|Any CPU
	EndGlobalSection
	GlobalSection(ProjectConfigurationPlatforms) = postSolution
		{6F96C040-2F77-4B06-868F-969908DE88C8}.Debug|Any CPU.ActiveCfg = Debug|Any CPU
		{6F96C040-2F77-4B06-868F-969908DE88C8}.Debug|Any CPU.Build.0 = Debug|Any CPU
		{6F96C040-2F77-4B06-868F-969908DE88C8}.Release|Any CPU.ActiveCfg = Release|Any CPU
		{6F96C040-2F77-4B06-868F-969908DE88C8}.Release|Any CPU.Build.0 = Release|Any CPU
		{54E3F9A8-2B4C-44A1-BF3D-E8BC4F145330}.Debug|Any CPU.ActiveCfg = Debug|Any CPU
		{54E3F9A8-2B4C-44A1-BF3D-E8BC4F145330}.Debug|Any CPU.Build.0 = Debug|Any CPU
		{54E3F9A8-2B4C-44A1-BF3D-E8BC4F145330}.Release|Any CPU.ActiveCfg = Release|Any CPU
		{54E3F9A8-2B4C-44A1-BF3D-E8BC4F145330}.Release|Any CPU.Build.0 = Release|Any CPU
	EndGlobalSection
	GlobalSection(SolutionProperties) = preSolution
		HideSolutionNode = FALSE
	EndGlobalSection
	GlobalSection(ExtensibilityGlobals) = postSolution
		SolutionGuid = {765BD24B-2AE6-4C63-9B60-F90FCB2351DC}
	EndGlobalSection
EndGlobal
